
Microsoft Visual Studio Solution File, Format Version 12.00
# Visual Studio Version 16
VisualStudioVersion = 16.0.31205.134
MinimumVisualStudioVersion = 10.0.40219.1
Project("{FAE04EC0-301F-11D3-BF4B-00C04F79EFBC}") = "Mold_Inspector", "Mold_Inspector\Mold_Inspector.csproj", "{FD97E66D-A1D0-4903-8957-4B5C44B1B8AA}"
EndProject
Global
	GlobalSection(SolutionConfigurationPlatforms) = preSolution
		Debug|Any CPU = Debug|Any CPU
		Release|Any CPU = Release|Any CPU
	EndGlobalSection
	GlobalSection(ProjectConfigurationPlatforms) = postSolution
		{FD97E66D-A1D0-4903-8957-4B5C44B1B8AA}.Debug|Any CPU.ActiveCfg = Debug|Any CPU
		{FD97E66D-A1D0-4903-8957-4B5C44B1B8AA}.Debug|Any CPU.Build.0 = Debug|Any CPU
		{FD97E66D-A1D0-4903-8957-4B5C44B1B8AA}.Release|Any CPU.ActiveCfg = Release|Any CPU
		{FD97E66D-A1D0-4903-8957-4B5C44B1B8AA}.Release|Any CPU.Build.0 = Release|Any CPU
	EndGlobalSection
	GlobalSection(SolutionProperties) = preSolution
		HideSolutionNode = FALSE
	EndGlobalSection
	GlobalSection(ExtensibilityGlobals) = postSolution
		SolutionGuid = {0EBC6B58-A42F-4887-A198-A75FAC84D766}
	EndGlobalSection
EndGlobal
